
Microsoft Visual Studio Solution File, Format Version 12.00
# Visual Studio Version 17
VisualStudioVersion = 17.2.32505.173
MinimumVisualStudioVersion = 10.0.40219.1
Project("{FAE04EC0-301F-11D3-BF4B-00C04F79EFBC}") = "BAITAP3", "BAITAP3\BAITAP3.csproj", "{FDBF15F6-CE40-4E60-8475-7AA4632512F1}"
EndProject
Global
	GlobalSection(SolutionConfigurationPlatforms) = preSolution
		Debug|Any CPU = Debug|Any CPU
		Release|Any CPU = Release|Any CPU
	EndGlobalSection
	GlobalSection(ProjectConfigurationPlatforms) = postSolution
		{FDBF15F6-CE40-4E60-8475-7AA4632512F1}.Debug|Any CPU.ActiveCfg = Debug|Any CPU
		{FDBF15F6-CE40-4E60-8475-7AA4632512F1}.Debug|Any CPU.Build.0 = Debug|Any CPU
		{FDBF15F6-CE40-4E60-8475-7AA4632512F1}.Release|Any CPU.ActiveCfg = Release|Any CPU
		{FDBF15F6-CE40-4E60-8475-7AA4632512F1}.Release|Any CPU.Build.0 = Release|Any CPU
	EndGlobalSection
	GlobalSection(SolutionProperties) = preSolution
		HideSolutionNode = FALSE
	EndGlobalSection
	GlobalSection(ExtensibilityGlobals) = postSolution
		SolutionGuid = {45E88EEB-F137-4044-8601-060BE5C12E01}
	EndGlobalSection
EndGlobal
